// !$*UTF8*$!
{
	archiveVersion = 1;
	classes = {
	};
	objectVersion = 56;
	objects = {

/* Begin PBXBuildFile section */
		2080B0912C0E818C002CCEF9 /* BreedTests.swift in Sources */ = {isa = PBXBuildFile; fileRef = 2080B0902C0E818C002CCEF9 /* BreedTests.swift */; };
		2080B0942C0E83FB002CCEF9 /* CatListViewModelTests.swift in Sources */ = {isa = PBXBuildFile; fileRef = 2080B0932C0E83FB002CCEF9 /* CatListViewModelTests.swift */; };
		2080B0B82C0F9FDB002CCEF9 /* CatEntity.swift in Sources */ = {isa = PBXBuildFile; fileRef = 2080B0B72C0F9FDB002CCEF9 /* CatEntity.swift */; };
		2080B0BA2C0F9FF9002CCEF9 /* BreedEntity.swift in Sources */ = {isa = PBXBuildFile; fileRef = 2080B0B92C0F9FF9002CCEF9 /* BreedEntity.swift */; };
		2080B0C22C1114A2002CCEF9 /* PersistentContainer.swift in Sources */ = {isa = PBXBuildFile; fileRef = 2080B0C12C1114A2002CCEF9 /* PersistentContainer.swift */; };
		2080B0C42C111AB3002CCEF9 /* CoreDataManagerTests.swift in Sources */ = {isa = PBXBuildFile; fileRef = 2080B0C32C111AB3002CCEF9 /* CoreDataManagerTests.swift */; };
		2080B0C62C11243A002CCEF9 /* Cat+Extensions.swift in Sources */ = {isa = PBXBuildFile; fileRef = 2080B0C52C11243A002CCEF9 /* Cat+Extensions.swift */; };
		20E1647B2C0B780B001C54EC /* CatifyApp.swift in Sources */ = {isa = PBXBuildFile; fileRef = 20E1647A2C0B780B001C54EC /* CatifyApp.swift */; };
		20E1647F2C0B780C001C54EC /* Assets.xcassets in Resources */ = {isa = PBXBuildFile; fileRef = 20E1647E2C0B780C001C54EC /* Assets.xcassets */; };
		20E164822C0B780C001C54EC /* Preview Assets.xcassets in Resources */ = {isa = PBXBuildFile; fileRef = 20E164812C0B780C001C54EC /* Preview Assets.xcassets */; };
		20E164842C0B780C001C54EC /* CoreDataManager.swift in Sources */ = {isa = PBXBuildFile; fileRef = 20E164832C0B780C001C54EC /* CoreDataManager.swift */; };
		20E164872C0B780C001C54EC /* Catify.xcdatamodeld in Sources */ = {isa = PBXBuildFile; fileRef = 20E164852C0B780C001C54EC /* Catify.xcdatamodeld */; };
		20E164912C0B780D001C54EC /* AppViewModelTests.swift in Sources */ = {isa = PBXBuildFile; fileRef = 20E164902C0B780D001C54EC /* AppViewModelTests.swift */; };
		20E1649B2C0B780D001C54EC /* CatifyUITests.swift in Sources */ = {isa = PBXBuildFile; fileRef = 20E1649A2C0B780D001C54EC /* CatifyUITests.swift */; };
		20E1649D2C0B780D001C54EC /* CatifyUITestsLaunchTests.swift in Sources */ = {isa = PBXBuildFile; fileRef = 20E1649C2C0B780D001C54EC /* CatifyUITestsLaunchTests.swift */; };
		20E164AB2C0B7AAF001C54EC /* CatAPI.swift in Sources */ = {isa = PBXBuildFile; fileRef = 20E164AA2C0B7AAF001C54EC /* CatAPI.swift */; };
		20E164AD2C0B7AE2001C54EC /* CatServices.swift in Sources */ = {isa = PBXBuildFile; fileRef = 20E164AC2C0B7AE2001C54EC /* CatServices.swift */; };
		20E164B02C0B7D69001C54EC /* CatModel.swift in Sources */ = {isa = PBXBuildFile; fileRef = 20E164AF2C0B7D69001C54EC /* CatModel.swift */; };
		20E164B32C0B7E63001C54EC /* HomeView.swift in Sources */ = {isa = PBXBuildFile; fileRef = 20E164B22C0B7E63001C54EC /* HomeView.swift */; };
		20E164B52C0B7EEB001C54EC /* CatListView.swift in Sources */ = {isa = PBXBuildFile; fileRef = 20E164B42C0B7EEB001C54EC /* CatListView.swift */; };
		20E164BA2C0B8049001C54EC /* CatListViewModel.swift in Sources */ = {isa = PBXBuildFile; fileRef = 20E164B92C0B8049001C54EC /* CatListViewModel.swift */; };
		20E164BC2C0B81D1001C54EC /* Breed.swift in Sources */ = {isa = PBXBuildFile; fileRef = 20E164BB2C0B81D1001C54EC /* Breed.swift */; };
		20E164C22C0B8471001C54EC /* CatListRow.swift in Sources */ = {isa = PBXBuildFile; fileRef = 20E164C12C0B8471001C54EC /* CatListRow.swift */; };
		20E164C52C0B948B001C54EC /* Cat.swift in Sources */ = {isa = PBXBuildFile; fileRef = 20E164C42C0B948B001C54EC /* Cat.swift */; };
		20E164CB2C0CC171001C54EC /* Breed+Extensions.swift in Sources */ = {isa = PBXBuildFile; fileRef = 20E164CA2C0CC171001C54EC /* Breed+Extensions.swift */; };
		20E164CF2C0CF1D8001C54EC /* AppViewModel.swift in Sources */ = {isa = PBXBuildFile; fileRef = 20E164CE2C0CF1D8001C54EC /* AppViewModel.swift */; };
		20E164D32C0D18B1001C54EC /* CatDetailView.swift in Sources */ = {isa = PBXBuildFile; fileRef = 20E164D22C0D18B1001C54EC /* CatDetailView.swift */; };
		20E164D82C0D1C30001C54EC /* FavouriteProtocol.swift in Sources */ = {isa = PBXBuildFile; fileRef = 20E164D72C0D1C30001C54EC /* FavouriteProtocol.swift */; };
		20E164DB2C0D22CA001C54EC /* FavouriteIcon.swift in Sources */ = {isa = PBXBuildFile; fileRef = 20E164DA2C0D22CA001C54EC /* FavouriteIcon.swift */; };
		20E164DD2C0D274B001C54EC /* APIMock.swift in Sources */ = {isa = PBXBuildFile; fileRef = 20E164DC2C0D274B001C54EC /* APIMock.swift */; };
		20E164E22C0D2893001C54EC /* CatModel+MockExtensions.swift in Sources */ = {isa = PBXBuildFile; fileRef = 20E164E12C0D2893001C54EC /* CatModel+MockExtensions.swift */; };
/* End PBXBuildFile section */

/* Begin PBXContainerItemProxy section */
		20E1648D2C0B780D001C54EC /* PBXContainerItemProxy */ = {
			isa = PBXContainerItemProxy;
			containerPortal = 20E1646F2C0B780B001C54EC /* Project object */;
			proxyType = 1;
			remoteGlobalIDString = 20E164762C0B780B001C54EC;
			remoteInfo = Catify;
		};
		20E164972C0B780D001C54EC /* PBXContainerItemProxy */ = {
			isa = PBXContainerItemProxy;
			containerPortal = 20E1646F2C0B780B001C54EC /* Project object */;
			proxyType = 1;
			remoteGlobalIDString = 20E164762C0B780B001C54EC;
			remoteInfo = Catify;
		};
/* End PBXContainerItemProxy section */

/* Begin PBXFileReference section */
		2080B0902C0E818C002CCEF9 /* BreedTests.swift */ = {isa = PBXFileReference; lastKnownFileType = sourcecode.swift; path = BreedTests.swift; sourceTree = "<group>"; };
		2080B0932C0E83FB002CCEF9 /* CatListViewModelTests.swift */ = {isa = PBXFileReference; lastKnownFileType = sourcecode.swift; path = CatListViewModelTests.swift; sourceTree = "<group>"; };
		2080B0B72C0F9FDB002CCEF9 /* CatEntity.swift */ = {isa = PBXFileReference; lastKnownFileType = sourcecode.swift; path = CatEntity.swift; sourceTree = "<group>"; };
		2080B0B92C0F9FF9002CCEF9 /* BreedEntity.swift */ = {isa = PBXFileReference; lastKnownFileType = sourcecode.swift; path = BreedEntity.swift; sourceTree = "<group>"; };
		2080B0C12C1114A2002CCEF9 /* PersistentContainer.swift */ = {isa = PBXFileReference; lastKnownFileType = sourcecode.swift; path = PersistentContainer.swift; sourceTree = "<group>"; };
		2080B0C32C111AB3002CCEF9 /* CoreDataManagerTests.swift */ = {isa = PBXFileReference; lastKnownFileType = sourcecode.swift; path = CoreDataManagerTests.swift; sourceTree = "<group>"; };
		2080B0C52C11243A002CCEF9 /* Cat+Extensions.swift */ = {isa = PBXFileReference; lastKnownFileType = sourcecode.swift; path = "Cat+Extensions.swift"; sourceTree = "<group>"; };
		20E164772C0B780B001C54EC /* Catify.app */ = {isa = PBXFileReference; explicitFileType = wrapper.application; includeInIndex = 0; path = Catify.app; sourceTree = BUILT_PRODUCTS_DIR; };
		20E1647A2C0B780B001C54EC /* CatifyApp.swift */ = {isa = PBXFileReference; lastKnownFileType = sourcecode.swift; path = CatifyApp.swift; sourceTree = "<group>"; };
		20E1647E2C0B780C001C54EC /* Assets.xcassets */ = {isa = PBXFileReference; lastKnownFileType = folder.assetcatalog; path = Assets.xcassets; sourceTree = "<group>"; };
		20E164812C0B780C001C54EC /* Preview Assets.xcassets */ = {isa = PBXFileReference; lastKnownFileType = folder.assetcatalog; path = "Preview Assets.xcassets"; sourceTree = "<group>"; };
		20E164832C0B780C001C54EC /* CoreDataManager.swift */ = {isa = PBXFileReference; lastKnownFileType = sourcecode.swift; path = CoreDataManager.swift; sourceTree = "<group>"; };
		20E164862C0B780C001C54EC /* Catify.xcdatamodel */ = {isa = PBXFileReference; lastKnownFileType = wrapper.xcdatamodel; path = Catify.xcdatamodel; sourceTree = "<group>"; };
		20E1648C2C0B780D001C54EC /* CatifyTests.xctest */ = {isa = PBXFileReference; explicitFileType = wrapper.cfbundle; includeInIndex = 0; path = CatifyTests.xctest; sourceTree = BUILT_PRODUCTS_DIR; };
		20E164902C0B780D001C54EC /* AppViewModelTests.swift */ = {isa = PBXFileReference; lastKnownFileType = sourcecode.swift; path = AppViewModelTests.swift; sourceTree = "<group>"; };
		20E164962C0B780D001C54EC /* CatifyUITests.xctest */ = {isa = PBXFileReference; explicitFileType = wrapper.cfbundle; includeInIndex = 0; path = CatifyUITests.xctest; sourceTree = BUILT_PRODUCTS_DIR; };
		20E1649A2C0B780D001C54EC /* CatifyUITests.swift */ = {isa = PBXFileReference; lastKnownFileType = sourcecode.swift; path = CatifyUITests.swift; sourceTree = "<group>"; };
		20E1649C2C0B780D001C54EC /* CatifyUITestsLaunchTests.swift */ = {isa = PBXFileReference; lastKnownFileType = sourcecode.swift; path = CatifyUITestsLaunchTests.swift; sourceTree = "<group>"; };
		20E164AA2C0B7AAF001C54EC /* CatAPI.swift */ = {isa = PBXFileReference; lastKnownFileType = sourcecode.swift; path = CatAPI.swift; sourceTree = "<group>"; };
		20E164AC2C0B7AE2001C54EC /* CatServices.swift */ = {isa = PBXFileReference; lastKnownFileType = sourcecode.swift; path = CatServices.swift; sourceTree = "<group>"; };
		20E164AF2C0B7D69001C54EC /* CatModel.swift */ = {isa = PBXFileReference; lastKnownFileType = sourcecode.swift; path = CatModel.swift; sourceTree = "<group>"; };
		20E164B22C0B7E63001C54EC /* HomeView.swift */ = {isa = PBXFileReference; lastKnownFileType = sourcecode.swift; path = HomeView.swift; sourceTree = "<group>"; };
		20E164B42C0B7EEB001C54EC /* CatListView.swift */ = {isa = PBXFileReference; lastKnownFileType = sourcecode.swift; path = CatListView.swift; sourceTree = "<group>"; };
		20E164B92C0B8049001C54EC /* CatListViewModel.swift */ = {isa = PBXFileReference; lastKnownFileType = sourcecode.swift; path = CatListViewModel.swift; sourceTree = "<group>"; };
		20E164BB2C0B81D1001C54EC /* Breed.swift */ = {isa = PBXFileReference; lastKnownFileType = sourcecode.swift; path = Breed.swift; sourceTree = "<group>"; };
		20E164C12C0B8471001C54EC /* CatListRow.swift */ = {isa = PBXFileReference; lastKnownFileType = sourcecode.swift; path = CatListRow.swift; sourceTree = "<group>"; };
		20E164C42C0B948B001C54EC /* Cat.swift */ = {isa = PBXFileReference; lastKnownFileType = sourcecode.swift; path = Cat.swift; sourceTree = "<group>"; };
		20E164CA2C0CC171001C54EC /* Breed+Extensions.swift */ = {isa = PBXFileReference; lastKnownFileType = sourcecode.swift; path = "Breed+Extensions.swift"; sourceTree = "<group>"; };
		20E164CE2C0CF1D8001C54EC /* AppViewModel.swift */ = {isa = PBXFileReference; lastKnownFileType = sourcecode.swift; path = AppViewModel.swift; sourceTree = "<group>"; };
		20E164D22C0D18B1001C54EC /* CatDetailView.swift */ = {isa = PBXFileReference; lastKnownFileType = sourcecode.swift; path = CatDetailView.swift; sourceTree = "<group>"; };
		20E164D72C0D1C30001C54EC /* FavouriteProtocol.swift */ = {isa = PBXFileReference; lastKnownFileType = sourcecode.swift; path = FavouriteProtocol.swift; sourceTree = "<group>"; };
		20E164DA2C0D22CA001C54EC /* FavouriteIcon.swift */ = {isa = PBXFileReference; lastKnownFileType = sourcecode.swift; path = FavouriteIcon.swift; sourceTree = "<group>"; };
		20E164DC2C0D274B001C54EC /* APIMock.swift */ = {isa = PBXFileReference; lastKnownFileType = sourcecode.swift; path = APIMock.swift; sourceTree = "<group>"; };
		20E164E12C0D2893001C54EC /* CatModel+MockExtensions.swift */ = {isa = PBXFileReference; lastKnownFileType = sourcecode.swift; path = "CatModel+MockExtensions.swift"; sourceTree = "<group>"; };
/* End PBXFileReference section */

/* Begin PBXFrameworksBuildPhase section */
		20E164742C0B780B001C54EC /* Frameworks */ = {
			isa = PBXFrameworksBuildPhase;
			buildActionMask = 2147483647;
			files = (
			);
			runOnlyForDeploymentPostprocessing = 0;
		};
		20E164892C0B780D001C54EC /* Frameworks */ = {
			isa = PBXFrameworksBuildPhase;
			buildActionMask = 2147483647;
			files = (
			);
			runOnlyForDeploymentPostprocessing = 0;
		};
		20E164932C0B780D001C54EC /* Frameworks */ = {
			isa = PBXFrameworksBuildPhase;
			buildActionMask = 2147483647;
			files = (
			);
			runOnlyForDeploymentPostprocessing = 0;
		};
/* End PBXFrameworksBuildPhase section */

/* Begin PBXGroup section */
		2080B0922C0E83EA002CCEF9 /* ViewModels */ = {
			isa = PBXGroup;
			children = (
				20E164902C0B780D001C54EC /* AppViewModelTests.swift */,
				2080B0932C0E83FB002CCEF9 /* CatListViewModelTests.swift */,
			);
			path = ViewModels;
			sourceTree = "<group>";
		};
		2080B0B22C0F9705002CCEF9 /* CoreDataModels */ = {
			isa = PBXGroup;
			children = (
				2080B0B72C0F9FDB002CCEF9 /* CatEntity.swift */,
				2080B0B92C0F9FF9002CCEF9 /* BreedEntity.swift */,
			);
			path = CoreDataModels;
			sourceTree = "<group>";
		};
		2080B0BF2C111483002CCEF9 /* CoreData */ = {
			isa = PBXGroup;
			children = (
				2080B0B22C0F9705002CCEF9 /* CoreDataModels */,
				20E164832C0B780C001C54EC /* CoreDataManager.swift */,
				2080B0C12C1114A2002CCEF9 /* PersistentContainer.swift */,
			);
			path = CoreData;
			sourceTree = "<group>";
		};
		2080B0C02C11148D002CCEF9 /* API */ = {
			isa = PBXGroup;
			children = (
				20E164AE2C0B7D3E001C54EC /* Models */,
				20E164AA2C0B7AAF001C54EC /* CatAPI.swift */,
				20E164AC2C0B7AE2001C54EC /* CatServices.swift */,
			);
			path = API;
			sourceTree = "<group>";
		};
		20E1646E2C0B780B001C54EC = {
			isa = PBXGroup;
			children = (
				20E164792C0B780B001C54EC /* Catify */,
				20E1648F2C0B780D001C54EC /* CatifyTests */,
				20E164992C0B780D001C54EC /* CatifyUITests */,
				20E164782C0B780B001C54EC /* Products */,
			);
			sourceTree = "<group>";
		};
		20E164782C0B780B001C54EC /* Products */ = {
			isa = PBXGroup;
			children = (
				20E164772C0B780B001C54EC /* Catify.app */,
				20E1648C2C0B780D001C54EC /* CatifyTests.xctest */,
				20E164962C0B780D001C54EC /* CatifyUITests.xctest */,
			);
			name = Products;
			sourceTree = "<group>";
		};
		20E164792C0B780B001C54EC /* Catify */ = {
			isa = PBXGroup;
			children = (
				20E164BD2C0B820A001C54EC /* Extensions */,
				20E164D62C0D1C22001C54EC /* Protocols */,
				20E164A92C0B7A9D001C54EC /* ServiceLayer */,
				20E164B82C0B8036001C54EC /* ViewModel */,
				20E164B12C0B7DCC001C54EC /* Views */,
				20E1647A2C0B780B001C54EC /* CatifyApp.swift */,
				20E1647E2C0B780C001C54EC /* Assets.xcassets */,
				20E164852C0B780C001C54EC /* Catify.xcdatamodeld */,
				20E164802C0B780C001C54EC /* Preview Content */,
			);
			path = Catify;
			sourceTree = "<group>";
		};
		20E164802C0B780C001C54EC /* Preview Content */ = {
			isa = PBXGroup;
			children = (
				20E164812C0B780C001C54EC /* Preview Assets.xcassets */,
			);
			path = "Preview Content";
			sourceTree = "<group>";
		};
		20E1648F2C0B780D001C54EC /* CatifyTests */ = {
			isa = PBXGroup;
			children = (
				20E164E02C0D2885001C54EC /* Mocks */,
				2080B0922C0E83EA002CCEF9 /* ViewModels */,
				2080B0902C0E818C002CCEF9 /* BreedTests.swift */,
				2080B0C32C111AB3002CCEF9 /* CoreDataManagerTests.swift */,
			);
			path = CatifyTests;
			sourceTree = "<group>";
		};
		20E164992C0B780D001C54EC /* CatifyUITests */ = {
			isa = PBXGroup;
			children = (
				20E1649A2C0B780D001C54EC /* CatifyUITests.swift */,
				20E1649C2C0B780D001C54EC /* CatifyUITestsLaunchTests.swift */,
			);
			path = CatifyUITests;
			sourceTree = "<group>";
		};
		20E164A92C0B7A9D001C54EC /* ServiceLayer */ = {
			isa = PBXGroup;
			children = (
				2080B0C02C11148D002CCEF9 /* API */,
				2080B0BF2C111483002CCEF9 /* CoreData */,
			);
			path = ServiceLayer;
			sourceTree = "<group>";
		};
		20E164AE2C0B7D3E001C54EC /* Models */ = {
			isa = PBXGroup;
			children = (
				20E164AF2C0B7D69001C54EC /* CatModel.swift */,
				20E164BB2C0B81D1001C54EC /* Breed.swift */,
			);
			path = Models;
			sourceTree = "<group>";
		};
		20E164B12C0B7DCC001C54EC /* Views */ = {
			isa = PBXGroup;
			children = (
				20E164D92C0D22B6001C54EC /* Common */,
				20E164C02C0B845F001C54EC /* CatList */,
				20E164B22C0B7E63001C54EC /* HomeView.swift */,
				20E164D22C0D18B1001C54EC /* CatDetailView.swift */,
			);
			path = Views;
			sourceTree = "<group>";
		};
		20E164B82C0B8036001C54EC /* ViewModel */ = {
			isa = PBXGroup;
			children = (
				20E164C32C0B9471001C54EC /* Models */,
				20E164B92C0B8049001C54EC /* CatListViewModel.swift */,
				20E164CE2C0CF1D8001C54EC /* AppViewModel.swift */,
			);
			path = ViewModel;
			sourceTree = "<group>";
		};
		20E164BD2C0B820A001C54EC /* Extensions */ = {
			isa = PBXGroup;
			children = (
				20E164CA2C0CC171001C54EC /* Breed+Extensions.swift */,
				2080B0C52C11243A002CCEF9 /* Cat+Extensions.swift */,
			);
			path = Extensions;
			sourceTree = "<group>";
		};
		20E164C02C0B845F001C54EC /* CatList */ = {
			isa = PBXGroup;
			children = (
				20E164B42C0B7EEB001C54EC /* CatListView.swift */,
				20E164C12C0B8471001C54EC /* CatListRow.swift */,
			);
			path = CatList;
			sourceTree = "<group>";
		};
		20E164C32C0B9471001C54EC /* Models */ = {
			isa = PBXGroup;
			children = (
				20E164C42C0B948B001C54EC /* Cat.swift */,
			);
			path = Models;
			sourceTree = "<group>";
		};
		20E164D62C0D1C22001C54EC /* Protocols */ = {
			isa = PBXGroup;
			children = (
				20E164D72C0D1C30001C54EC /* FavouriteProtocol.swift */,
			);
			path = Protocols;
			sourceTree = "<group>";
		};
		20E164D92C0D22B6001C54EC /* Common */ = {
			isa = PBXGroup;
			children = (
				20E164DA2C0D22CA001C54EC /* FavouriteIcon.swift */,
			);
			path = Common;
			sourceTree = "<group>";
		};
		20E164E02C0D2885001C54EC /* Mocks */ = {
			isa = PBXGroup;
			children = (
				20E164DC2C0D274B001C54EC /* APIMock.swift */,
				20E164E12C0D2893001C54EC /* CatModel+MockExtensions.swift */,
			);
			path = Mocks;
			sourceTree = "<group>";
		};
/* End PBXGroup section */

/* Begin PBXNativeTarget section */
		20E164762C0B780B001C54EC /* Catify */ = {
			isa = PBXNativeTarget;
			buildConfigurationList = 20E164A02C0B780D001C54EC /* Build configuration list for PBXNativeTarget "Catify" */;
			buildPhases = (
				20E164732C0B780B001C54EC /* Sources */,
				20E164742C0B780B001C54EC /* Frameworks */,
				20E164752C0B780B001C54EC /* Resources */,
			);
			buildRules = (
			);
			dependencies = (
			);
			name = Catify;
			productName = Catify;
			productReference = 20E164772C0B780B001C54EC /* Catify.app */;
			productType = "com.apple.product-type.application";
		};
		20E1648B2C0B780D001C54EC /* CatifyTests */ = {
			isa = PBXNativeTarget;
			buildConfigurationList = 20E164A32C0B780D001C54EC /* Build configuration list for PBXNativeTarget "CatifyTests" */;
			buildPhases = (
				20E164882C0B780D001C54EC /* Sources */,
				20E164892C0B780D001C54EC /* Frameworks */,
				20E1648A2C0B780D001C54EC /* Resources */,
			);
			buildRules = (
			);
			dependencies = (
				20E1648E2C0B780D001C54EC /* PBXTargetDependency */,
			);
			name = CatifyTests;
			productName = CatifyTests;
			productReference = 20E1648C2C0B780D001C54EC /* CatifyTests.xctest */;
			productType = "com.apple.product-type.bundle.unit-test";
		};
		20E164952C0B780D001C54EC /* CatifyUITests */ = {
			isa = PBXNativeTarget;
			buildConfigurationList = 20E164A62C0B780D001C54EC /* Build configuration list for PBXNativeTarget "CatifyUITests" */;
			buildPhases = (
				20E164922C0B780D001C54EC /* Sources */,
				20E164932C0B780D001C54EC /* Frameworks */,
				20E164942C0B780D001C54EC /* Resources */,
			);
			buildRules = (
			);
			dependencies = (
				20E164982C0B780D001C54EC /* PBXTargetDependency */,
			);
			name = CatifyUITests;
			productName = CatifyUITests;
			productReference = 20E164962C0B780D001C54EC /* CatifyUITests.xctest */;
			productType = "com.apple.product-type.bundle.ui-testing";
		};
/* End PBXNativeTarget section */

/* Begin PBXProject section */
		20E1646F2C0B780B001C54EC /* Project object */ = {
			isa = PBXProject;
			attributes = {
				BuildIndependentTargetsInParallel = 1;
				LastSwiftUpdateCheck = 1530;
				LastUpgradeCheck = 1530;
				TargetAttributes = {
					20E164762C0B780B001C54EC = {
						CreatedOnToolsVersion = 15.3;
					};
					20E1648B2C0B780D001C54EC = {
						CreatedOnToolsVersion = 15.3;
						TestTargetID = 20E164762C0B780B001C54EC;
					};
					20E164952C0B780D001C54EC = {
						CreatedOnToolsVersion = 15.3;
						TestTargetID = 20E164762C0B780B001C54EC;
					};
				};
			};
			buildConfigurationList = 20E164722C0B780B001C54EC /* Build configuration list for PBXProject "Catify" */;
			compatibilityVersion = "Xcode 14.0";
			developmentRegion = en;
			hasScannedForEncodings = 0;
			knownRegions = (
				en,
				Base,
			);
			mainGroup = 20E1646E2C0B780B001C54EC;
			productRefGroup = 20E164782C0B780B001C54EC /* Products */;
			projectDirPath = "";
			projectRoot = "";
			targets = (
				20E164762C0B780B001C54EC /* Catify */,
				20E1648B2C0B780D001C54EC /* CatifyTests */,
				20E164952C0B780D001C54EC /* CatifyUITests */,
			);
		};
/* End PBXProject section */

/* Begin PBXResourcesBuildPhase section */
		20E164752C0B780B001C54EC /* Resources */ = {
			isa = PBXResourcesBuildPhase;
			buildActionMask = 2147483647;
			files = (
				20E164822C0B780C001C54EC /* Preview Assets.xcassets in Resources */,
				20E1647F2C0B780C001C54EC /* Assets.xcassets in Resources */,
			);
			runOnlyForDeploymentPostprocessing = 0;
		};
		20E1648A2C0B780D001C54EC /* Resources */ = {
			isa = PBXResourcesBuildPhase;
			buildActionMask = 2147483647;
			files = (
			);
			runOnlyForDeploymentPostprocessing = 0;
		};
		20E164942C0B780D001C54EC /* Resources */ = {
			isa = PBXResourcesBuildPhase;
			buildActionMask = 2147483647;
			files = (
			);
			runOnlyForDeploymentPostprocessing = 0;
		};
/* End PBXResourcesBuildPhase section */

/* Begin PBXSourcesBuildPhase section */
		20E164732C0B780B001C54EC /* Sources */ = {
			isa = PBXSourcesBuildPhase;
			buildActionMask = 2147483647;
			files = (
				20E164BC2C0B81D1001C54EC /* Breed.swift in Sources */,
				20E164842C0B780C001C54EC /* CoreDataManager.swift in Sources */,
				20E164C22C0B8471001C54EC /* CatListRow.swift in Sources */,
				20E164DB2C0D22CA001C54EC /* FavouriteIcon.swift in Sources */,
				20E164D32C0D18B1001C54EC /* CatDetailView.swift in Sources */,
				20E164AD2C0B7AE2001C54EC /* CatServices.swift in Sources */,
				20E1647B2C0B780B001C54EC /* CatifyApp.swift in Sources */,
				2080B0B82C0F9FDB002CCEF9 /* CatEntity.swift in Sources */,
				20E164B02C0B7D69001C54EC /* CatModel.swift in Sources */,
				2080B0C62C11243A002CCEF9 /* Cat+Extensions.swift in Sources */,
				20E164D82C0D1C30001C54EC /* FavouriteProtocol.swift in Sources */,
				20E164BA2C0B8049001C54EC /* CatListViewModel.swift in Sources */,
				20E164C52C0B948B001C54EC /* Cat.swift in Sources */,
				2080B0C22C1114A2002CCEF9 /* PersistentContainer.swift in Sources */,
				20E164CF2C0CF1D8001C54EC /* AppViewModel.swift in Sources */,
				20E164B32C0B7E63001C54EC /* HomeView.swift in Sources */,
				20E164872C0B780C001C54EC /* Catify.xcdatamodeld in Sources */,
				2080B0BA2C0F9FF9002CCEF9 /* BreedEntity.swift in Sources */,
				20E164CB2C0CC171001C54EC /* Breed+Extensions.swift in Sources */,
				20E164B52C0B7EEB001C54EC /* CatListView.swift in Sources */,
				20E164AB2C0B7AAF001C54EC /* CatAPI.swift in Sources */,
			);
			runOnlyForDeploymentPostprocessing = 0;
		};
		20E164882C0B780D001C54EC /* Sources */ = {
			isa = PBXSourcesBuildPhase;
			buildActionMask = 2147483647;
			files = (
				2080B0912C0E818C002CCEF9 /* BreedTests.swift in Sources */,
				20E164DD2C0D274B001C54EC /* APIMock.swift in Sources */,
				20E164912C0B780D001C54EC /* AppViewModelTests.swift in Sources */,
				2080B0942C0E83FB002CCEF9 /* CatListViewModelTests.swift in Sources */,
				2080B0C42C111AB3002CCEF9 /* CoreDataManagerTests.swift in Sources */,
				20E164E22C0D2893001C54EC /* CatModel+MockExtensions.swift in Sources */,
			);
			runOnlyForDeploymentPostprocessing = 0;
		};
		20E164922C0B780D001C54EC /* Sources */ = {
			isa = PBXSourcesBuildPhase;
			buildActionMask = 2147483647;
			files = (
				20E1649D2C0B780D001C54EC /* CatifyUITestsLaunchTests.swift in Sources */,
				20E1649B2C0B780D001C54EC /* CatifyUITests.swift in Sources */,
			);
			runOnlyForDeploymentPostprocessing = 0;
		};
/* End PBXSourcesBuildPhase section */

/* Begin PBXTargetDependency section */
		20E1648E2C0B780D001C54EC /* PBXTargetDependency */ = {
			isa = PBXTargetDependency;
			target = 20E164762C0B780B001C54EC /* Catify */;
			targetProxy = 20E1648D2C0B780D001C54EC /* PBXContainerItemProxy */;
		};
		20E164982C0B780D001C54EC /* PBXTargetDependency */ = {
			isa = PBXTargetDependency;
			target = 20E164762C0B780B001C54EC /* Catify */;
			targetProxy = 20E164972C0B780D001C54EC /* PBXContainerItemProxy */;
		};
/* End PBXTargetDependency section */

/* Begin XCBuildConfiguration section */
		20E1649E2C0B780D001C54EC /* Debug */ = {
			isa = XCBuildConfiguration;
			buildSettings = {
				ALWAYS_SEARCH_USER_PATHS = NO;
				ASSETCATALOG_COMPILER_GENERATE_SWIFT_ASSET_SYMBOL_EXTENSIONS = YES;
				CLANG_ANALYZER_NONNULL = YES;
				CLANG_ANALYZER_NUMBER_OBJECT_CONVERSION = YES_AGGRESSIVE;
				CLANG_CXX_LANGUAGE_STANDARD = "gnu++20";
				CLANG_ENABLE_MODULES = YES;
				CLANG_ENABLE_OBJC_ARC = YES;
				CLANG_ENABLE_OBJC_WEAK = YES;
				CLANG_WARN_BLOCK_CAPTURE_AUTORELEASING = YES;
				CLANG_WARN_BOOL_CONVERSION = YES;
				CLANG_WARN_COMMA = YES;
				CLANG_WARN_CONSTANT_CONVERSION = YES;
				CLANG_WARN_DEPRECATED_OBJC_IMPLEMENTATIONS = YES;
				CLANG_WARN_DIRECT_OBJC_ISA_USAGE = YES_ERROR;
				CLANG_WARN_DOCUMENTATION_COMMENTS = YES;
				CLANG_WARN_EMPTY_BODY = YES;
				CLANG_WARN_ENUM_CONVERSION = YES;
				CLANG_WARN_INFINITE_RECURSION = YES;
				CLANG_WARN_INT_CONVERSION = YES;
				CLANG_WARN_NON_LITERAL_NULL_CONVERSION = YES;
				CLANG_WARN_OBJC_IMPLICIT_RETAIN_SELF = YES;
				CLANG_WARN_OBJC_LITERAL_CONVERSION = YES;
				CLANG_WARN_OBJC_ROOT_CLASS = YES_ERROR;
				CLANG_WARN_QUOTED_INCLUDE_IN_FRAMEWORK_HEADER = YES;
				CLANG_WARN_RANGE_LOOP_ANALYSIS = YES;
				CLANG_WARN_STRICT_PROTOTYPES = YES;
				CLANG_WARN_SUSPICIOUS_MOVE = YES;
				CLANG_WARN_UNGUARDED_AVAILABILITY = YES_AGGRESSIVE;
				CLANG_WARN_UNREACHABLE_CODE = YES;
				CLANG_WARN__DUPLICATE_METHOD_MATCH = YES;
				COPY_PHASE_STRIP = NO;
				DEBUG_INFORMATION_FORMAT = dwarf;
				ENABLE_STRICT_OBJC_MSGSEND = YES;
				ENABLE_TESTABILITY = YES;
				ENABLE_USER_SCRIPT_SANDBOXING = YES;
				GCC_C_LANGUAGE_STANDARD = gnu17;
				GCC_DYNAMIC_NO_PIC = NO;
				GCC_NO_COMMON_BLOCKS = YES;
				GCC_OPTIMIZATION_LEVEL = 0;
				GCC_PREPROCESSOR_DEFINITIONS = (
					"DEBUG=1",
					"$(inherited)",
				);
				GCC_WARN_64_TO_32_BIT_CONVERSION = YES;
				GCC_WARN_ABOUT_RETURN_TYPE = YES_ERROR;
				GCC_WARN_UNDECLARED_SELECTOR = YES;
				GCC_WARN_UNINITIALIZED_AUTOS = YES_AGGRESSIVE;
				GCC_WARN_UNUSED_FUNCTION = YES;
				GCC_WARN_UNUSED_VARIABLE = YES;
				IPHONEOS_DEPLOYMENT_TARGET = 17.4;
				LOCALIZATION_PREFERS_STRING_CATALOGS = YES;
				MTL_ENABLE_DEBUG_INFO = INCLUDE_SOURCE;
				MTL_FAST_MATH = YES;
				ONLY_ACTIVE_ARCH = YES;
				SDKROOT = iphoneos;
				SWIFT_ACTIVE_COMPILATION_CONDITIONS = "DEBUG $(inherited)";
				SWIFT_OPTIMIZATION_LEVEL = "-Onone";
			};
			name = Debug;
		};
		20E1649F2C0B780D001C54EC /* Release */ = {
			isa = XCBuildConfiguration;
			buildSettings = {
				ALWAYS_SEARCH_USER_PATHS = NO;
				ASSETCATALOG_COMPILER_GENERATE_SWIFT_ASSET_SYMBOL_EXTENSIONS = YES;
				CLANG_ANALYZER_NONNULL = YES;
				CLANG_ANALYZER_NUMBER_OBJECT_CONVERSION = YES_AGGRESSIVE;
				CLANG_CXX_LANGUAGE_STANDARD = "gnu++20";
				CLANG_ENABLE_MODULES = YES;
				CLANG_ENABLE_OBJC_ARC = YES;
				CLANG_ENABLE_OBJC_WEAK = YES;
				CLANG_WARN_BLOCK_CAPTURE_AUTORELEASING = YES;
				CLANG_WARN_BOOL_CONVERSION = YES;
				CLANG_WARN_COMMA = YES;
				CLANG_WARN_CONSTANT_CONVERSION = YES;
				CLANG_WARN_DEPRECATED_OBJC_IMPLEMENTATIONS = YES;
				CLANG_WARN_DIRECT_OBJC_ISA_USAGE = YES_ERROR;
				CLANG_WARN_DOCUMENTATION_COMMENTS = YES;
				CLANG_WARN_EMPTY_BODY = YES;
				CLANG_WARN_ENUM_CONVERSION = YES;
				CLANG_WARN_INFINITE_RECURSION = YES;
				CLANG_WARN_INT_CONVERSION = YES;
				CLANG_WARN_NON_LITERAL_NULL_CONVERSION = YES;
				CLANG_WARN_OBJC_IMPLICIT_RETAIN_SELF = YES;
				CLANG_WARN_OBJC_LITERAL_CONVERSION = YES;
				CLANG_WARN_OBJC_ROOT_CLASS = YES_ERROR;
				CLANG_WARN_QUOTED_INCLUDE_IN_FRAMEWORK_HEADER = YES;
				CLANG_WARN_RANGE_LOOP_ANALYSIS = YES;
				CLANG_WARN_STRICT_PROTOTYPES = YES;
				CLANG_WARN_SUSPICIOUS_MOVE = YES;
				CLANG_WARN_UNGUARDED_AVAILABILITY = YES_AGGRESSIVE;
				CLANG_WARN_UNREACHABLE_CODE = YES;
				CLANG_WARN__DUPLICATE_METHOD_MATCH = YES;
				COPY_PHASE_STRIP = NO;
				DEBUG_INFORMATION_FORMAT = "dwarf-with-dsym";
				ENABLE_NS_ASSERTIONS = NO;
				ENABLE_STRICT_OBJC_MSGSEND = YES;
				ENABLE_USER_SCRIPT_SANDBOXING = YES;
				GCC_C_LANGUAGE_STANDARD = gnu17;
				GCC_NO_COMMON_BLOCKS = YES;
				GCC_WARN_64_TO_32_BIT_CONVERSION = YES;
				GCC_WARN_ABOUT_RETURN_TYPE = YES_ERROR;
				GCC_WARN_UNDECLARED_SELECTOR = YES;
				GCC_WARN_UNINITIALIZED_AUTOS = YES_AGGRESSIVE;
				GCC_WARN_UNUSED_FUNCTION = YES;
				GCC_WARN_UNUSED_VARIABLE = YES;
				IPHONEOS_DEPLOYMENT_TARGET = 17.4;
				LOCALIZATION_PREFERS_STRING_CATALOGS = YES;
				MTL_ENABLE_DEBUG_INFO = NO;
				MTL_FAST_MATH = YES;
				SDKROOT = iphoneos;
				SWIFT_COMPILATION_MODE = wholemodule;
				VALIDATE_PRODUCT = YES;
			};
			name = Release;
		};
		20E164A12C0B780D001C54EC /* Debug */ = {
			isa = XCBuildConfiguration;
			buildSettings = {
				ASSETCATALOG_COMPILER_APPICON_NAME = AppIcon;
				ASSETCATALOG_COMPILER_GLOBAL_ACCENT_COLOR_NAME = AccentColor;
				CODE_SIGN_STYLE = Automatic;
				CURRENT_PROJECT_VERSION = 1;
				DEVELOPMENT_ASSET_PATHS = "\"Catify/Preview Content\"";
				ENABLE_PREVIEWS = YES;
				GENERATE_INFOPLIST_FILE = YES;
				INFOPLIST_KEY_UIApplicationSceneManifest_Generation = YES;
				INFOPLIST_KEY_UIApplicationSupportsIndirectInputEvents = YES;
				INFOPLIST_KEY_UILaunchScreen_Generation = YES;
				INFOPLIST_KEY_UISupportedInterfaceOrientations_iPad = "UIInterfaceOrientationPortrait UIInterfaceOrientationPortraitUpsideDown UIInterfaceOrientationLandscapeLeft UIInterfaceOrientationLandscapeRight";
				INFOPLIST_KEY_UISupportedInterfaceOrientations_iPhone = "UIInterfaceOrientationPortrait UIInterfaceOrientationLandscapeLeft UIInterfaceOrientationLandscapeRight";
				LD_RUNPATH_SEARCH_PATHS = (
					"$(inherited)",
					"@executable_path/Frameworks",
				);
				MARKETING_VERSION = 1.0;
				PRODUCT_BUNDLE_IDENTIFIER = "pt.afonso-rosa.Catify";
				PRODUCT_NAME = "$(TARGET_NAME)";
				SWIFT_EMIT_LOC_STRINGS = YES;
				SWIFT_VERSION = 5.0;
				TARGETED_DEVICE_FAMILY = "1,2";
			};
			name = Debug;
		};
		20E164A22C0B780D001C54EC /* Release */ = {
			isa = XCBuildConfiguration;
			buildSettings = {
				ASSETCATALOG_COMPILER_APPICON_NAME = AppIcon;
				ASSETCATALOG_COMPILER_GLOBAL_ACCENT_COLOR_NAME = AccentColor;
				CODE_SIGN_STYLE = Automatic;
				CURRENT_PROJECT_VERSION = 1;
				DEVELOPMENT_ASSET_PATHS = "\"Catify/Preview Content\"";
				ENABLE_PREVIEWS = YES;
				GENERATE_INFOPLIST_FILE = YES;
				INFOPLIST_KEY_UIApplicationSceneManifest_Generation = YES;
				INFOPLIST_KEY_UIApplicationSupportsIndirectInputEvents = YES;
				INFOPLIST_KEY_UILaunchScreen_Generation = YES;
				INFOPLIST_KEY_UISupportedInterfaceOrientations_iPad = "UIInterfaceOrientationPortrait UIInterfaceOrientationPortraitUpsideDown UIInterfaceOrientationLandscapeLeft UIInterfaceOrientationLandscapeRight";
				INFOPLIST_KEY_UISupportedInterfaceOrientations_iPhone = "UIInterfaceOrientationPortrait UIInterfaceOrientationLandscapeLeft UIInterfaceOrientationLandscapeRight";
				LD_RUNPATH_SEARCH_PATHS = (
					"$(inherited)",
					"@executable_path/Frameworks",
				);
				MARKETING_VERSION = 1.0;
				PRODUCT_BUNDLE_IDENTIFIER = "pt.afonso-rosa.Catify";
				PRODUCT_NAME = "$(TARGET_NAME)";
				SWIFT_EMIT_LOC_STRINGS = YES;
				SWIFT_VERSION = 5.0;
				TARGETED_DEVICE_FAMILY = "1,2";
			};
			name = Release;
		};
		20E164A42C0B780D001C54EC /* Debug */ = {
			isa = XCBuildConfiguration;
			buildSettings = {
				ALWAYS_EMBED_SWIFT_STANDARD_LIBRARIES = YES;
				BUNDLE_LOADER = "$(TEST_HOST)";
				CODE_SIGN_STYLE = Automatic;
				CURRENT_PROJECT_VERSION = 1;
				GENERATE_INFOPLIST_FILE = YES;
				IPHONEOS_DEPLOYMENT_TARGET = 17.4;
				MARKETING_VERSION = 1.0;
				PRODUCT_BUNDLE_IDENTIFIER = "pt.afonso-rosa.CatifyTests";
				PRODUCT_NAME = "$(TARGET_NAME)";
				SWIFT_EMIT_LOC_STRINGS = NO;
				SWIFT_VERSION = 5.0;
				TARGETED_DEVICE_FAMILY = "1,2";
				TEST_HOST = "$(BUILT_PRODUCTS_DIR)/Catify.app/$(BUNDLE_EXECUTABLE_FOLDER_PATH)/Catify";
			};
			name = Debug;
		};
		20E164A52C0B780D001C54EC /* Release */ = {
			isa = XCBuildConfiguration;
			buildSettings = {
				ALWAYS_EMBED_SWIFT_STANDARD_LIBRARIES = YES;
				BUNDLE_LOADER = "$(TEST_HOST)";
				CODE_SIGN_STYLE = Automatic;
				CURRENT_PROJECT_VERSION = 1;
				GENERATE_INFOPLIST_FILE = YES;
				IPHONEOS_DEPLOYMENT_TARGET = 17.4;
				MARKETING_VERSION = 1.0;
				PRODUCT_BUNDLE_IDENTIFIER = "pt.afonso-rosa.CatifyTests";
				PRODUCT_NAME = "$(TARGET_NAME)";
				SWIFT_EMIT_LOC_STRINGS = NO;
				SWIFT_VERSION = 5.0;
				TARGETED_DEVICE_FAMILY = "1,2";
				TEST_HOST = "$(BUILT_PRODUCTS_DIR)/Catify.app/$(BUNDLE_EXECUTABLE_FOLDER_PATH)/Catify";
			};
			name = Release;
		};
		20E164A72C0B780D001C54EC /* Debug */ = {
			isa = XCBuildConfiguration;
			buildSettings = {
				ALWAYS_EMBED_SWIFT_STANDARD_LIBRARIES = YES;
				CODE_SIGN_STYLE = Automatic;
				CURRENT_PROJECT_VERSION = 1;
				GENERATE_INFOPLIST_FILE = YES;
				MARKETING_VERSION = 1.0;
				PRODUCT_BUNDLE_IDENTIFIER = "pt.afonso-rosa.CatifyUITests";
				PRODUCT_NAME = "$(TARGET_NAME)";
				SWIFT_EMIT_LOC_STRINGS = NO;
				SWIFT_VERSION = 5.0;
				TARGETED_DEVICE_FAMILY = "1,2";
				TEST_TARGET_NAME = Catify;
			};
			name = Debug;
		};
		20E164A82C0B780D001C54EC /* Release */ = {
			isa = XCBuildConfiguration;
			buildSettings = {
				ALWAYS_EMBED_SWIFT_STANDARD_LIBRARIES = YES;
				CODE_SIGN_STYLE = Automatic;
				CURRENT_PROJECT_VERSION = 1;
				GENERATE_INFOPLIST_FILE = YES;
				MARKETING_VERSION = 1.0;
				PRODUCT_BUNDLE_IDENTIFIER = "pt.afonso-rosa.CatifyUITests";
				PRODUCT_NAME = "$(TARGET_NAME)";
				SWIFT_EMIT_LOC_STRINGS = NO;
				SWIFT_VERSION = 5.0;
				TARGETED_DEVICE_FAMILY = "1,2";
				TEST_TARGET_NAME = Catify;
			};
			name = Release;
		};
/* End XCBuildConfiguration section */

/* Begin XCConfigurationList section */
		20E164722C0B780B001C54EC /* Build configuration list for PBXProject "Catify" */ = {
			isa = XCConfigurationList;
			buildConfigurations = (
				20E1649E2C0B780D001C54EC /* Debug */,
				20E1649F2C0B780D001C54EC /* Release */,
			);
			defaultConfigurationIsVisible = 0;
			defaultConfigurationName = Release;
		};
		20E164A02C0B780D001C54EC /* Build configuration list for PBXNativeTarget "Catify" */ = {
			isa = XCConfigurationList;
			buildConfigurations = (
				20E164A12C0B780D001C54EC /* Debug */,
				20E164A22C0B780D001C54EC /* Release */,
			);
			defaultConfigurationIsVisible = 0;
			defaultConfigurationName = Release;
		};
		20E164A32C0B780D001C54EC /* Build configuration list for PBXNativeTarget "CatifyTests" */ = {
			isa = XCConfigurationList;
			buildConfigurations = (
				20E164A42C0B780D001C54EC /* Debug */,
				20E164A52C0B780D001C54EC /* Release */,
			);
			defaultConfigurationIsVisible = 0;
			defaultConfigurationName = Release;
		};
		20E164A62C0B780D001C54EC /* Build configuration list for PBXNativeTarget "CatifyUITests" */ = {
			isa = XCConfigurationList;
			buildConfigurations = (
				20E164A72C0B780D001C54EC /* Debug */,
				20E164A82C0B780D001C54EC /* Release */,
			);
			defaultConfigurationIsVisible = 0;
			defaultConfigurationName = Release;
		};
/* End XCConfigurationList section */

/* Begin XCVersionGroup section */
		20E164852C0B780C001C54EC /* Catify.xcdatamodeld */ = {
			isa = XCVersionGroup;
			children = (
				20E164862C0B780C001C54EC /* Catify.xcdatamodel */,
			);
			currentVersion = 20E164862C0B780C001C54EC /* Catify.xcdatamodel */;
			path = Catify.xcdatamodeld;
			sourceTree = "<group>";
			versionGroupType = wrapper.xcdatamodel;
		};
/* End XCVersionGroup section */
	};
	rootObject = 20E1646F2C0B780B001C54EC /* Project object */;
}
